
Microsoft Visual Studio Solution File, Format Version 12.00
# Visual Studio 15
Project("{FAE04EC0-301F-11D3-BF4B-00C04F79EFBC}") = "Assembly-CSharp", "Assembly-CSharp.csproj", "{0EF9A2AB-4D56-E82E-C9C0-D16D10D159CE}"
EndProject
Global
	GlobalSection(SolutionConfigurationPlatforms) = preSolution
		Debug|Any CPU = Debug|Any CPU
		Release|Any CPU = Release|Any CPU
	EndGlobalSection
	GlobalSection(ProjectConfigurationPlatforms) = postSolution
		{0EF9A2AB-4D56-E82E-C9C0-D16D10D159CE}.Debug|Any CPU.ActiveCfg = Debug|Any CPU
		{0EF9A2AB-4D56-E82E-C9C0-D16D10D159CE}.Debug|Any CPU.Build.0 = Debug|Any CPU
		{0EF9A2AB-4D56-E82E-C9C0-D16D10D159CE}.Release|Any CPU.ActiveCfg = Release|Any CPU
		{0EF9A2AB-4D56-E82E-C9C0-D16D10D159CE}.Release|Any CPU.Build.0 = Release|Any CPU
	EndGlobalSection
	GlobalSection(SolutionProperties) = preSolution
		HideSolutionNode = FALSE
	EndGlobalSection
EndGlobal
